PODS:
  - Flutter (1.0.0)
  - unityads (0.0.1):
    - Flutter

DEPENDENCIES:
  - Flutter (from `.symlinks/flutter/ios`)
  - unityads (from `.symlinks/plugins/unityads/ios`)

EXTERNAL SOURCES:
  Flutter:
    :path: ".symlinks/flutter/ios"
  unityads:
    :path: ".symlinks/plugins/unityads/ios"

SPEC CHECKSUMS:
  Flutter: 58dd7d1b27887414a370fcccb9e645c08ffd7a6a
  unityads: 6f4afc1c93e7519d8de655db6c6a475491d52717

PODFILE CHECKSUM: cd90156a26c6486afb7380ad78dd7d71cac83fc2

COCOAPODS: 1.6.0
